
Microsoft Visual Studio Solution File, Format Version 12.00
# Visual Studio Version 17
VisualStudioVersion = 17.12.35728.132 d17.12
MinimumVisualStudioVersion = 10.0.40219.1
Project("{FAE04EC0-301F-11D3-BF4B-00C04F79EFBC}") = "ChatApp_WPF", "ChatApp_WPF\ChatApp_WPF.csproj", "{5797429B-CE88-48DF-86C1-50431EA8812A}"
EndProject
Project("{FAE04EC0-301F-11D3-BF4B-00C04F79EFBC}") = "ChatServer", "ChatServer\ChatServer.csproj", "{A2B353B0-ECBE-4CB8-890D-75AA2908558D}"
EndProject
Global
	GlobalSection(SolutionConfigurationPlatforms) = preSolution
		Debug|Any CPU = Debug|Any CPU
		Release|Any CPU = Release|Any CPU
	EndGlobalSection
	GlobalSection(ProjectConfigurationPlatforms) = postSolution
		{5797429B-CE88-48DF-86C1-50431EA8812A}.Debug|Any CPU.ActiveCfg = Debug|Any CPU
		{5797429B-CE88-48DF-86C1-50431EA8812A}.Debug|Any CPU.Build.0 = Debug|Any CPU
		{5797429B-CE88-48DF-86C1-50431EA8812A}.Release|Any CPU.ActiveCfg = Release|Any CPU
		{5797429B-CE88-48DF-86C1-50431EA8812A}.Release|Any CPU.Build.0 = Release|Any CPU
		{A2B353B0-ECBE-4CB8-890D-75AA2908558D}.Debug|Any CPU.ActiveCfg = Debug|Any CPU
		{A2B353B0-ECBE-4CB8-890D-75AA2908558D}.Debug|Any CPU.Build.0 = Debug|Any CPU
		{A2B353B0-ECBE-4CB8-890D-75AA2908558D}.Release|Any CPU.ActiveCfg = Release|Any CPU
		{A2B353B0-ECBE-4CB8-890D-75AA2908558D}.Release|Any CPU.Build.0 = Release|Any CPU
	EndGlobalSection
	GlobalSection(SolutionProperties) = preSolution
		HideSolutionNode = FALSE
	EndGlobalSection
EndGlobal
